# generated by rye
# use `rye lock` or `rye sync` to update this lockfile
#
# last locked with the following flags:
#   pre: false
#   features: []
#   all-features: false
#   with-sources: false
#   generate-hashes: false
#   universal: false

-e file:.
audioread==3.0.1
    # via librosa
brotli==1.1.0
    # via yt-dlp
certifi==2024.7.4
    # via requests
    # via yt-dlp
cffi==1.17.0
    # via sounddevice
    # via soundfile
charset-normalizer==3.3.2
    # via requests
click==8.1.7
    # via click-option-group
    # via click-params
    # via rich-click
click-option-group==0.5.6
    # via pymusiclooper
click-params==0.5.0
    # via pymusiclooper
colorama==0.4.6
    # via click
decorator==5.1.1
    # via librosa
deprecated==1.2.14
    # via click-params
idna==3.7
    # via requests
joblib==1.4.2
    # via librosa
    # via scikit-learn
lazy-loader==0.4
    # via librosa
    # via pymusiclooper
librosa==0.10.2
    # via pymusiclooper
llvmlite==0.43.0
    # via numba
markdown-it-py==3.0.0
    # via rich
mdurl==0.1.2
    # via markdown-it-py
msgpack==1.0.8
    # via librosa
mutagen==1.47.0
    # via yt-dlp
numba==0.60.0
    # via librosa
    # via pymusiclooper
numpy==1.26.4
    # via librosa
    # via numba
    # via pymusiclooper
    # via scikit-learn
    # via scipy
    # via soxr
packaging==24.1
    # via lazy-loader
    # via pooch
platformdirs==4.2.2
    # via pooch
pooch==1.8.2
    # via librosa
pycparser==2.22
    # via cffi
pycryptodomex==3.20.0
    # via yt-dlp
pygments==2.18.0
    # via rich
pytaglib==3.0.0
    # via pymusiclooper
requests==2.32.3
    # via pooch
    # via yt-dlp
rich==13.7.1
    # via pymusiclooper
    # via rich-click
rich-click==1.8.3
    # via pymusiclooper
scikit-learn==1.5.1
    # via librosa
scipy==1.14.0
    # via librosa
    # via scikit-learn
sounddevice==0.4.7
    # via pymusiclooper
soundfile==0.12.1
    # via librosa
    # via pymusiclooper
soxr==0.4.0
    # via librosa
threadpoolctl==3.5.0
    # via scikit-learn
typing-extensions==4.12.2
    # via librosa
    # via rich-click
urllib3==2.2.2
    # via requests
    # via yt-dlp
validators==0.22.0
    # via click-params
websockets==12.0
    # via yt-dlp
wrapt==1.16.0
    # via deprecated
yt-dlp==2024.8.6
    # via pymusiclooper
